// !$*UTF8*$!
{
	archiveVersion = 1;
	classes = {
	};
	objectVersion = 48;
	objects = {

/* Begin PBXBuildFile section */
		2E0AB40B55DCE727850519BE /* Pods_Tabman_Style.framework in Frameworks */ = {isa = PBXBuildFile; fileRef = AB995E009411ECD87166B71F /* Pods_Tabman_Style.framework */; };
		37A42B581E77DCF3A8CCADE3 /* Pods_Tabman_StyleTests.framework in Frameworks */ = {isa = PBXBuildFile; fileRef = 490372C4B5DB9BEBAE4D5904 /* Pods_Tabman_StyleTests.framework */; };
		3DBCE9521C00184029035E12 /* Pods_Tabman_StyleUITests.framework in Frameworks */ = {isa = PBXBuildFile; fileRef = AC200710B51E755EE20AE64A /* Pods_Tabman_StyleUITests.framework */; };
		A14FA0412024D76D00798449 /* AppDelegate.swift in Sources */ = {isa = PBXBuildFile; fileRef = A14FA0402024D76D00798449 /* AppDelegate.swift */; };
		A14FA0432024D76D00798449 /* BaseMainViewController.swift in Sources */ = {isa = PBXBuildFile; fileRef = A14FA0422024D76D00798449 /* BaseMainViewController.swift */; };
		A14FA0462024D76D00798449 /* Main.storyboard in Resources */ = {isa = PBXBuildFile; fileRef = A14FA0442024D76D00798449 /* Main.storyboard */; };
		A14FA0482024D76D00798449 /* Assets.xcassets in Resources */ = {isa = PBXBuildFile; fileRef = A14FA0472024D76D00798449 /* Assets.xcassets */; };
		A14FA04B2024D76D00798449 /* LaunchScreen.storyboard in Resources */ = {isa = PBXBuildFile; fileRef = A14FA0492024D76D00798449 /* LaunchScreen.storyboard */; };
		A14FA0732026931D00798449 /* TabButton.swift in Sources */ = {isa = PBXBuildFile; fileRef = A14FA0722026931D00798449 /* TabButton.swift */; };
		A14FA0772026B08100798449 /* PageViewController.swift in Sources */ = {isa = PBXBuildFile; fileRef = A14FA0762026B08100798449 /* PageViewController.swift */; };
		A1DF793F20D17D7900DF0BC4 /* TabView.swift in Sources */ = {isa = PBXBuildFile; fileRef = A1DF793E20D17D7900DF0BC4 /* TabView.swift */; };
/* End PBXBuildFile section */

/* Begin PBXContainerItemProxy section */
		A14FA0522024D76D00798449 /* PBXContainerItemProxy */ = {
			isa = PBXContainerItemProxy;
			containerPortal = A14FA0352024D76D00798449 /* Project object */;
			proxyType = 1;
			remoteGlobalIDString = A14FA03C2024D76D00798449;
			remoteInfo = "Tabman Style";
		};
		A14FA05D2024D76D00798449 /* PBXContainerItemProxy */ = {
			isa = PBXContainerItemProxy;
			containerPortal = A14FA0352024D76D00798449 /* Project object */;
			proxyType = 1;
			remoteGlobalIDString = A14FA03C2024D76D00798449;
			remoteInfo = "Tabman Style";
		};
/* End PBXContainerItemProxy section */

/* Begin PBXFileReference section */
		2C7C66A177384B01818BA3C4 /* Pods-Tabman Style.release.xcconfig */ = {isa = PBXFileReference; includeInIndex = 1; lastKnownFileType = text.xcconfig; name = "Pods-Tabman Style.release.xcconfig"; path = "Pods/Target Support Files/Pods-Tabman Style/Pods-Tabman Style.release.xcconfig"; sourceTree = "<group>"; };
		44B58A07EE2170F3E395C64B /* Pods-Tabman StyleTests.release.xcconfig */ = {isa = PBXFileReference; includeInIndex = 1; lastKnownFileType = text.xcconfig; name = "Pods-Tabman StyleTests.release.xcconfig"; path = "Pods/Target Support Files/Pods-Tabman StyleTests/Pods-Tabman StyleTests.release.xcconfig"; sourceTree = "<group>"; };
		490372C4B5DB9BEBAE4D5904 /* Pods_Tabman_StyleTests.framework */ = {isa = PBXFileReference; explicitFileType = wrapper.framework; includeInIndex = 0; path = Pods_Tabman_StyleTests.framework; sourceTree = BUILT_PRODUCTS_DIR; };
		7C2BC515116CBAFCAF241745 /* Pods-Tabman StyleTests.debug.xcconfig */ = {isa = PBXFileReference; includeInIndex = 1; lastKnownFileType = text.xcconfig; name = "Pods-Tabman StyleTests.debug.xcconfig"; path = "Pods/Target Support Files/Pods-Tabman StyleTests/Pods-Tabman StyleTests.debug.xcconfig"; sourceTree = "<group>"; };
		87C1DA232181899BAC7C0064 /* Pods-Tabman StyleUITests.release.xcconfig */ = {isa = PBXFileReference; includeInIndex = 1; lastKnownFileType = text.xcconfig; name = "Pods-Tabman StyleUITests.release.xcconfig"; path = "Pods/Target Support Files/Pods-Tabman StyleUITests/Pods-Tabman StyleUITests.release.xcconfig"; sourceTree = "<group>"; };
		95D12F4C7FE05B75C5F18E3A /* Pods-Tabman Style.debug.xcconfig */ = {isa = PBXFileReference; includeInIndex = 1; lastKnownFileType = text.xcconfig; name = "Pods-Tabman Style.debug.xcconfig"; path = "Pods/Target Support Files/Pods-Tabman Style/Pods-Tabman Style.debug.xcconfig"; sourceTree = "<group>"; };
		A14FA03D2024D76D00798449 /* Tabman Style.app */ = {isa = PBXFileReference; explicitFileType = wrapper.application; includeInIndex = 0; path = "Tabman Style.app"; sourceTree = BUILT_PRODUCTS_DIR; };
		A14FA0402024D76D00798449 /* AppDelegate.swift */ = {isa = PBXFileReference; lastKnownFileType = sourcecode.swift; path = AppDelegate.swift; sourceTree = "<group>"; };
		A14FA0422024D76D00798449 /* BaseMainViewController.swift */ = {isa = PBXFileReference; lastKnownFileType = sourcecode.swift; path = BaseMainViewController.swift; sourceTree = "<group>"; };
		A14FA0452024D76D00798449 /* Base */ = {isa = PBXFileReference; lastKnownFileType = file.storyboard; name = Base; path = Base.lproj/Main.storyboard; sourceTree = "<group>"; };
		A14FA0472024D76D00798449 /* Assets.xcassets */ = {isa = PBXFileReference; lastKnownFileType = folder.assetcatalog; path = Assets.xcassets; sourceTree = "<group>"; };
		A14FA04A2024D76D00798449 /* Base */ = {isa = PBXFileReference; lastKnownFileType = file.storyboard; name = Base; path = Base.lproj/LaunchScreen.storyboard; sourceTree = "<group>"; };
		A14FA04C2024D76D00798449 /* Info.plist */ = {isa = PBXFileReference; lastKnownFileType = text.plist.xml; path = Info.plist; sourceTree = "<group>"; };
		A14FA0512024D76D00798449 /* Tabman StyleTests.xctest */ = {isa = PBXFileReference; explicitFileType = wrapper.cfbundle; includeInIndex = 0; path = "Tabman StyleTests.xctest"; sourceTree = BUILT_PRODUCTS_DIR; };
		A14FA05C2024D76D00798449 /* Tabman StyleUITests.xctest */ = {isa = PBXFileReference; explicitFileType = wrapper.cfbundle; includeInIndex = 0; path = "Tabman StyleUITests.xctest"; sourceTree = BUILT_PRODUCTS_DIR; };
		A14FA0722026931D00798449 /* TabButton.swift */ = {isa = PBXFileReference; lastKnownFileType = sourcecode.swift; path = TabButton.swift; sourceTree = "<group>"; };
		A14FA0762026B08100798449 /* PageViewController.swift */ = {isa = PBXFileReference; lastKnownFileType = sourcecode.swift; path = PageViewController.swift; sourceTree = "<group>"; };
		A1DF793E20D17D7900DF0BC4 /* TabView.swift */ = {isa = PBXFileReference; lastKnownFileType = sourcecode.swift; path = TabView.swift; sourceTree = "<group>"; };
		AB995E009411ECD87166B71F /* Pods_Tabman_Style.framework */ = {isa = PBXFileReference; explicitFileType = wrapper.framework; includeInIndex = 0; path = Pods_Tabman_Style.framework; sourceTree = BUILT_PRODUCTS_DIR; };
		AC200710B51E755EE20AE64A /* Pods_Tabman_StyleUITests.framework */ = {isa = PBXFileReference; explicitFileType = wrapper.framework; includeInIndex = 0; path = Pods_Tabman_StyleUITests.framework; sourceTree = BUILT_PRODUCTS_DIR; };
		DE0211853E320BCD4462034D /* Pods-Tabman StyleUITests.debug.xcconfig */ = {isa = PBXFileReference; includeInIndex = 1; lastKnownFileType = text.xcconfig; name = "Pods-Tabman StyleUITests.debug.xcconfig"; path = "Pods/Target Support Files/Pods-Tabman StyleUITests/Pods-Tabman StyleUITests.debug.xcconfig"; sourceTree = "<group>"; };
/* End PBXFileReference section */

/* Begin PBXFrameworksBuildPhase section */
		A14FA03A2024D76D00798449 /* Frameworks */ = {
			isa = PBXFrameworksBuildPhase;
			buildActionMask = 2147483647;
			files = (
				2E0AB40B55DCE727850519BE /* Pods_Tabman_Style.framework in Frameworks */,
			);
			runOnlyForDeploymentPostprocessing = 0;
		};
		A14FA04E2024D76D00798449 /* Frameworks */ = {
			isa = PBXFrameworksBuildPhase;
			buildActionMask = 2147483647;
			files = (
				37A42B581E77DCF3A8CCADE3 /* Pods_Tabman_StyleTests.framework in Frameworks */,
			);
			runOnlyForDeploymentPostprocessing = 0;
		};
		A14FA0592024D76D00798449 /* Frameworks */ = {
			isa = PBXFrameworksBuildPhase;
			buildActionMask = 2147483647;
			files = (
				3DBCE9521C00184029035E12 /* Pods_Tabman_StyleUITests.framework in Frameworks */,
			);
			runOnlyForDeploymentPostprocessing = 0;
		};
/* End PBXFrameworksBuildPhase section */

/* Begin PBXGroup section */
		9D9D17E882CFEDF9063B217B /* Pods */ = {
			isa = PBXGroup;
			children = (
				95D12F4C7FE05B75C5F18E3A /* Pods-Tabman Style.debug.xcconfig */,
				2C7C66A177384B01818BA3C4 /* Pods-Tabman Style.release.xcconfig */,
				7C2BC515116CBAFCAF241745 /* Pods-Tabman StyleTests.debug.xcconfig */,
				44B58A07EE2170F3E395C64B /* Pods-Tabman StyleTests.release.xcconfig */,
				DE0211853E320BCD4462034D /* Pods-Tabman StyleUITests.debug.xcconfig */,
				87C1DA232181899BAC7C0064 /* Pods-Tabman StyleUITests.release.xcconfig */,
			);
			name = Pods;
			sourceTree = "<group>";
		};
		A14FA0342024D76D00798449 = {
			isa = PBXGroup;
			children = (
				A14FA03F2024D76D00798449 /* Tabman Style */,
				A14FA03E2024D76D00798449 /* Products */,
				9D9D17E882CFEDF9063B217B /* Pods */,
				B92C9C76739C272ADC842570 /* Frameworks */,
			);
			sourceTree = "<group>";
		};
		A14FA03E2024D76D00798449 /* Products */ = {
			isa = PBXGroup;
			children = (
				A14FA03D2024D76D00798449 /* Tabman Style.app */,
				A14FA0512024D76D00798449 /* Tabman StyleTests.xctest */,
				A14FA05C2024D76D00798449 /* Tabman StyleUITests.xctest */,
			);
			name = Products;
			sourceTree = "<group>";
		};
		A14FA03F2024D76D00798449 /* Tabman Style */ = {
			isa = PBXGroup;
			children = (
				A14FA0402024D76D00798449 /* AppDelegate.swift */,
				A14FA0422024D76D00798449 /* BaseMainViewController.swift */,
				A14FA0762026B08100798449 /* PageViewController.swift */,
				A14FA0722026931D00798449 /* TabButton.swift */,
				A1DF793E20D17D7900DF0BC4 /* TabView.swift */,
				A14FA0442024D76D00798449 /* Main.storyboard */,
				A14FA0472024D76D00798449 /* Assets.xcassets */,
				A14FA0492024D76D00798449 /* LaunchScreen.storyboard */,
				A14FA04C2024D76D00798449 /* Info.plist */,
			);
			path = "Tabman Style";
			sourceTree = "<group>";
		};
		B92C9C76739C272ADC842570 /* Frameworks */ = {
			isa = PBXGroup;
			children = (
				AB995E009411ECD87166B71F /* Pods_Tabman_Style.framework */,
				490372C4B5DB9BEBAE4D5904 /* Pods_Tabman_StyleTests.framework */,
				AC200710B51E755EE20AE64A /* Pods_Tabman_StyleUITests.framework */,
			);
			name = Frameworks;
			sourceTree = "<group>";
		};
/* End PBXGroup section */

/* Begin PBXNativeTarget section */
		A14FA03C2024D76D00798449 /* Tabman Style */ = {
			isa = PBXNativeTarget;
			buildConfigurationList = A14FA0652024D76D00798449 /* Build configuration list for PBXNativeTarget "Tabman Style" */;
			buildPhases = (
				FC585844F8AEEACAE41B8D38 /* [CP] Check Pods Manifest.lock */,
				A14FA0392024D76D00798449 /* Sources */,
				A14FA03A2024D76D00798449 /* Frameworks */,
				A14FA03B2024D76D00798449 /* Resources */,
				7357E282A26717830208833D /* [CP] Embed Pods Frameworks */,
			);
			buildRules = (
			);
			dependencies = (
			);
			name = "Tabman Style";
			productName = "Tabman Style";
			productReference = A14FA03D2024D76D00798449 /* Tabman Style.app */;
			productType = "com.apple.product-type.application";
		};
		A14FA0502024D76D00798449 /* Tabman StyleTests */ = {
			isa = PBXNativeTarget;
			buildConfigurationList = A14FA0682024D76D00798449 /* Build configuration list for PBXNativeTarget "Tabman StyleTests" */;
			buildPhases = (
				D10DBA00345D5480D5CC94C5 /* [CP] Check Pods Manifest.lock */,
				A14FA04D2024D76D00798449 /* Sources */,
				A14FA04E2024D76D00798449 /* Frameworks */,
				A14FA04F2024D76D00798449 /* Resources */,
			);
			buildRules = (
			);
			dependencies = (
				A14FA0532024D76D00798449 /* PBXTargetDependency */,
			);
			name = "Tabman StyleTests";
			productName = "Tabman StyleTests";
			productReference = A14FA0512024D76D00798449 /* Tabman StyleTests.xctest */;
			productType = "com.apple.product-type.bundle.unit-test";
		};
		A14FA05B2024D76D00798449 /* Tabman StyleUITests */ = {
			isa = PBXNativeTarget;
			buildConfigurationList = A14FA06B2024D76D00798449 /* Build configuration list for PBXNativeTarget "Tabman StyleUITests" */;
			buildPhases = (
				1B86F45CBFC0A38020D3E26E /* [CP] Check Pods Manifest.lock */,
				A14FA0582024D76D00798449 /* Sources */,
				A14FA0592024D76D00798449 /* Frameworks */,
				A14FA05A2024D76D00798449 /* Resources */,
			);
			buildRules = (
			);
			dependencies = (
				A14FA05E2024D76D00798449 /* PBXTargetDependency */,
			);
			name = "Tabman StyleUITests";
			productName = "Tabman StyleUITests";
			productReference = A14FA05C2024D76D00798449 /* Tabman StyleUITests.xctest */;
			productType = "com.apple.product-type.bundle.ui-testing";
		};
/* End PBXNativeTarget section */

/* Begin PBXProject section */
		A14FA0352024D76D00798449 /* Project object */ = {
			isa = PBXProject;
			attributes = {
				LastSwiftUpdateCheck = 0920;
				LastUpgradeCheck = 1010;
				ORGANIZATIONNAME = "Dopeness Academy";
				TargetAttributes = {
					A14FA03C2024D76D00798449 = {
						CreatedOnToolsVersion = 9.2;
						ProvisioningStyle = Automatic;
					};
					A14FA0502024D76D00798449 = {
						CreatedOnToolsVersion = 9.2;
						ProvisioningStyle = Automatic;
						TestTargetID = A14FA03C2024D76D00798449;
					};
					A14FA05B2024D76D00798449 = {
						CreatedOnToolsVersion = 9.2;
						ProvisioningStyle = Automatic;
						TestTargetID = A14FA03C2024D76D00798449;
					};
				};
			};
			buildConfigurationList = A14FA0382024D76D00798449 /* Build configuration list for PBXProject "Tabman Style" */;
			compatibilityVersion = "Xcode 8.0";
			developmentRegion = en;
			hasScannedForEncodings = 0;
			knownRegions = (
				en,
				Base,
			);
			mainGroup = A14FA0342024D76D00798449;
			productRefGroup = A14FA03E2024D76D00798449 /* Products */;
			projectDirPath = "";
			projectRoot = "";
			targets = (
				A14FA03C2024D76D00798449 /* Tabman Style */,
				A14FA0502024D76D00798449 /* Tabman StyleTests */,
				A14FA05B2024D76D00798449 /* Tabman StyleUITests */,
			);
		};
/* End PBXProject section */

/* Begin PBXResourcesBuildPhase section */
		A14FA03B2024D76D00798449 /* Resources */ = {
			isa = PBXResourcesBuildPhase;
			buildActionMask = 2147483647;
			files = (
				A14FA04B2024D76D00798449 /* LaunchScreen.storyboard in Resources */,
				A14FA0482024D76D00798449 /* Assets.xcassets in Resources */,
				A14FA0462024D76D00798449 /* Main.storyboard in Resources */,
			);
			runOnlyForDeploymentPostprocessing = 0;
		};
		A14FA04F2024D76D00798449 /* Resources */ = {
			isa = PBXResourcesBuildPhase;
			buildActionMask = 2147483647;
			files = (
			);
			runOnlyForDeploymentPostprocessing = 0;
		};
		A14FA05A2024D76D00798449 /* Resources */ = {
			isa = PBXResourcesBuildPhase;
			buildActionMask = 2147483647;
			files = (
			);
			runOnlyForDeploymentPostprocessing = 0;
		};
/* End PBXResourcesBuildPhase section */

/* Begin PBXShellScriptBuildPhase section */
		1B86F45CBFC0A38020D3E26E /* [CP] Check Pods Manifest.lock */ = {
			isa = PBXShellScriptBuildPhase;
			buildActionMask = 2147483647;
			files = (
			);
			inputPaths = (
				"${PODS_PODFILE_DIR_PATH}/Podfile.lock",
				"${PODS_ROOT}/Manifest.lock",
			);
			name = "[CP] Check Pods Manifest.lock";
			outputPaths = (
				"$(DERIVED_FILE_DIR)/Pods-Tabman StyleUITests-checkManifestLockResult.txt",
			);
			runOnlyForDeploymentPostprocessing = 0;
			shellPath = /bin/sh;
			shellScript = "diff \"${PODS_PODFILE_DIR_PATH}/Podfile.lock\" \"${PODS_ROOT}/Manifest.lock\" > /dev/null\nif [ $? != 0 ] ; then\n    # print error to STDERR\n    echo \"error: The sandbox is not in sync with the Podfile.lock. Run 'pod install' or update your CocoaPods installation.\" >&2\n    exit 1\nfi\n# This output is used by Xcode 'outputs' to avoid re-running this script phase.\necho \"SUCCESS\" > \"${SCRIPT_OUTPUT_FILE_0}\"\n";
			showEnvVarsInLog = 0;
		};
		7357E282A26717830208833D /* [CP] Embed Pods Frameworks */ = {
			isa = PBXShellScriptBuildPhase;
			buildActionMask = 2147483647;
			files = (
			);
			inputPaths = (
				"${PODS_ROOT}/Target Support Files/Pods-Tabman Style/Pods-Tabman Style-frameworks.sh",
				"${BUILT_PRODUCTS_DIR}/AutoInsetter/AutoInsetter.framework",
				"${BUILT_PRODUCTS_DIR}/Interpolate/Interpolate.framework",
				"${BUILT_PRODUCTS_DIR}/Pageboy/Pageboy.framework",
				"${BUILT_PRODUCTS_DIR}/SnapKit/SnapKit.framework",
				"${BUILT_PRODUCTS_DIR}/SwiftyBeaver/SwiftyBeaver.framework",
				"${BUILT_PRODUCTS_DIR}/SwiftyTimer/SwiftyTimer.framework",
				"${BUILT_PRODUCTS_DIR}/Tabman/Tabman.framework",
			);
			name = "[CP] Embed Pods Frameworks";
			outputPaths = (
				"${TARGET_BUILD_DIR}/${FRAMEWORKS_FOLDER_PATH}/AutoInsetter.framework",
				"${TARGET_BUILD_DIR}/${FRAMEWORKS_FOLDER_PATH}/Interpolate.framework",
				"${TARGET_BUILD_DIR}/${FRAMEWORKS_FOLDER_PATH}/Pageboy.framework",
				"${TARGET_BUILD_DIR}/${FRAMEWORKS_FOLDER_PATH}/SnapKit.framework",
				"${TARGET_BUILD_DIR}/${FRAMEWORKS_FOLDER_PATH}/SwiftyBeaver.framework",
				"${TARGET_BUILD_DIR}/${FRAMEWORKS_FOLDER_PATH}/SwiftyTimer.framework",
				"${TARGET_BUILD_DIR}/${FRAMEWORKS_FOLDER_PATH}/Tabman.framework",
			);
			runOnlyForDeploymentPostprocessing = 0;
			shellPath = /bin/sh;
			shellScript = "\"${PODS_ROOT}/Target Support Files/Pods-Tabman Style/Pods-Tabman Style-frameworks.sh\"\n";
			showEnvVarsInLog = 0;
		};
		D10DBA00345D5480D5CC94C5 /* [CP] Check Pods Manifest.lock */ = {
			isa = PBXShellScriptBuildPhase;
			buildActionMask = 2147483647;
			files = (
			);
			inputPaths = (
				"${PODS_PODFILE_DIR_PATH}/Podfile.lock",
				"${PODS_ROOT}/Manifest.lock",
			);
			name = "[CP] Check Pods Manifest.lock";
			outputPaths = (
				"$(DERIVED_FILE_DIR)/Pods-Tabman StyleTests-checkManifestLockResult.txt",
			);
			runOnlyForDeploymentPostprocessing = 0;
			shellPath = /bin/sh;
			shellScript = "diff \"${PODS_PODFILE_DIR_PATH}/Podfile.lock\" \"${PODS_ROOT}/Manifest.lock\" > /dev/null\nif [ $? != 0 ] ; then\n    # print error to STDERR\n    echo \"error: The sandbox is not in sync with the Podfile.lock. Run 'pod install' or update your CocoaPods installation.\" >&2\n    exit 1\nfi\n# This output is used by Xcode 'outputs' to avoid re-running this script phase.\necho \"SUCCESS\" > \"${SCRIPT_OUTPUT_FILE_0}\"\n";
			showEnvVarsInLog = 0;
		};
		FC585844F8AEEACAE41B8D38 /* [CP] Check Pods Manifest.lock */ = {
			isa = PBXShellScriptBuildPhase;
			buildActionMask = 2147483647;
			files = (
			);
			inputPaths = (
				"${PODS_PODFILE_DIR_PATH}/Podfile.lock",
				"${PODS_ROOT}/Manifest.lock",
			);
			name = "[CP] Check Pods Manifest.lock";
			outputPaths = (
				"$(DERIVED_FILE_DIR)/Pods-Tabman Style-checkManifestLockResult.txt",
			);
			runOnlyForDeploymentPostprocessing = 0;
			shellPath = /bin/sh;
			shellScript = "diff \"${PODS_PODFILE_DIR_PATH}/Podfile.lock\" \"${PODS_ROOT}/Manifest.lock\" > /dev/null\nif [ $? != 0 ] ; then\n    # print error to STDERR\n    echo \"error: The sandbox is not in sync with the Podfile.lock. Run 'pod install' or update your CocoaPods installation.\" >&2\n    exit 1\nfi\n# This output is used by Xcode 'outputs' to avoid re-running this script phase.\necho \"SUCCESS\" > \"${SCRIPT_OUTPUT_FILE_0}\"\n";
			showEnvVarsInLog = 0;
		};
/* End PBXShellScriptBuildPhase section */

/* Begin PBXSourcesBuildPhase section */
		A14FA0392024D76D00798449 /* Sources */ = {
			isa = PBXSourcesBuildPhase;
			buildActionMask = 2147483647;
			files = (
				A14FA0772026B08100798449 /* PageViewController.swift in Sources */,
				A14FA0732026931D00798449 /* TabButton.swift in Sources */,
				A14FA0432024D76D00798449 /* BaseMainViewController.swift in Sources */,
				A1DF793F20D17D7900DF0BC4 /* TabView.swift in Sources */,
				A14FA0412024D76D00798449 /* AppDelegate.swift in Sources */,
			);
			runOnlyForDeploymentPostprocessing = 0;
		};
		A14FA04D2024D76D00798449 /* Sources */ = {
			isa = PBXSourcesBuildPhase;
			buildActionMask = 2147483647;
			files = (
			);
			runOnlyForDeploymentPostprocessing = 0;
		};
		A14FA0582024D76D00798449 /* Sources */ = {
			isa = PBXSourcesBuildPhase;
			buildActionMask = 2147483647;
			files = (
			);
			runOnlyForDeploymentPostprocessing = 0;
		};
/* End PBXSourcesBuildPhase section */

/* Begin PBXTargetDependency section */
		A14FA0532024D76D00798449 /* PBXTargetDependency */ = {
			isa = PBXTargetDependency;
			target = A14FA03C2024D76D00798449 /* Tabman Style */;
			targetProxy = A14FA0522024D76D00798449 /* PBXContainerItemProxy */;
		};
		A14FA05E2024D76D00798449 /* PBXTargetDependency */ = {
			isa = PBXTargetDependency;
			target = A14FA03C2024D76D00798449 /* Tabman Style */;
			targetProxy = A14FA05D2024D76D00798449 /* PBXContainerItemProxy */;
		};
/* End PBXTargetDependency section */

/* Begin PBXVariantGroup section */
		A14FA0442024D76D00798449 /* Main.storyboard */ = {
			isa = PBXVariantGroup;
			children = (
				A14FA0452024D76D00798449 /* Base */,
			);
			name = Main.storyboard;
			sourceTree = "<group>";
		};
		A14FA0492024D76D00798449 /* LaunchScreen.storyboard */ = {
			isa = PBXVariantGroup;
			children = (
				A14FA04A2024D76D00798449 /* Base */,
			);
			name = LaunchScreen.storyboard;
			sourceTree = "<group>";
		};
/* End PBXVariantGroup section */

/* Begin XCBuildConfiguration section */
		A14FA0632024D76D00798449 /* Debug */ = {
			isa = XCBuildConfiguration;
			buildSettings = {
				ALWAYS_SEARCH_USER_PATHS = NO;
				CLANG_ANALYZER_NONNULL = YES;
				CLANG_ANALYZER_NUMBER_OBJECT_CONVERSION = YES_AGGRESSIVE;
				CLANG_CXX_LANGUAGE_STANDARD = "gnu++14";
				CLANG_CXX_LIBRARY = "libc++";
				CLANG_ENABLE_MODULES = YES;
				CLANG_ENABLE_OBJC_ARC = YES;
				CLANG_WARN_BLOCK_CAPTURE_AUTORELEASING = YES;
				CLANG_WARN_BOOL_CONVERSION = YES;
				CLANG_WARN_COMMA = YES;
				CLANG_WARN_CONSTANT_CONVERSION = YES;
				CLANG_WARN_DEPRECATED_OBJC_IMPLEMENTATIONS = YES;
				CLANG_WARN_DIRECT_OBJC_ISA_USAGE = YES_ERROR;
				CLANG_WARN_DOCUMENTATION_COMMENTS = YES;
				CLANG_WARN_EMPTY_BODY = YES;
				CLANG_WARN_ENUM_CONVERSION = YES;
				CLANG_WARN_INFINITE_RECURSION = YES;
				CLANG_WARN_INT_CONVERSION = YES;
				CLANG_WARN_NON_LITERAL_NULL_CONVERSION = YES;
				CLANG_WARN_OBJC_IMPLICIT_RETAIN_SELF = YES;
				CLANG_WARN_OBJC_LITERAL_CONVERSION = YES;
				CLANG_WARN_OBJC_ROOT_CLASS = YES_ERROR;
				CLANG_WARN_RANGE_LOOP_ANALYSIS = YES;
				CLANG_WARN_STRICT_PROTOTYPES = YES;
				CLANG_WARN_SUSPICIOUS_MOVE = YES;
				CLANG_WARN_UNGUARDED_AVAILABILITY = YES_AGGRESSIVE;
				CLANG_WARN_UNREACHABLE_CODE = YES;
				CLANG_WARN__DUPLICATE_METHOD_MATCH = YES;
				CODE_SIGN_IDENTITY = "iPhone Developer";
				COPY_PHASE_STRIP = NO;
				DEBUG_INFORMATION_FORMAT = dwarf;
				ENABLE_STRICT_OBJC_MSGSEND = YES;
				ENABLE_TESTABILITY = YES;
				GCC_C_LANGUAGE_STANDARD = gnu11;
				GCC_DYNAMIC_NO_PIC = NO;
				GCC_NO_COMMON_BLOCKS = YES;
				GCC_OPTIMIZATION_LEVEL = 0;
				GCC_PREPROCESSOR_DEFINITIONS = (
					"DEBUG=1",
					"$(inherited)",
				);
				GCC_WARN_64_TO_32_BIT_CONVERSION = YES;
				GCC_WARN_ABOUT_RETURN_TYPE = YES_ERROR;
				GCC_WARN_UNDECLARED_SELECTOR = YES;
				GCC_WARN_UNINITIALIZED_AUTOS = YES_AGGRESSIVE;
				GCC_WARN_UNUSED_FUNCTION = YES;
				GCC_WARN_UNUSED_VARIABLE = YES;
				IPHONEOS_DEPLOYMENT_TARGET = 11.2;
				MTL_ENABLE_DEBUG_INFO = YES;
				ONLY_ACTIVE_ARCH = YES;
				SDKROOT = iphoneos;
				SWIFT_ACTIVE_COMPILATION_CONDITIONS = DEBUG;
				SWIFT_OPTIMIZATION_LEVEL = "-Onone";
			};
			name = Debug;
		};
		A14FA0642024D76D00798449 /* Release */ = {
			isa = XCBuildConfiguration;
			buildSettings = {
				ALWAYS_SEARCH_USER_PATHS = NO;
				CLANG_ANALYZER_NONNULL = YES;
				CLANG_ANALYZER_NUMBER_OBJECT_CONVERSION = YES_AGGRESSIVE;
				CLANG_CXX_LANGUAGE_STANDARD = "gnu++14";
				CLANG_CXX_LIBRARY = "libc++";
				CLANG_ENABLE_MODULES = YES;
				CLANG_ENABLE_OBJC_ARC = YES;
				CLANG_WARN_BLOCK_CAPTURE_AUTORELEASING = YES;
				CLANG_WARN_BOOL_CONVERSION = YES;
				CLANG_WARN_COMMA = YES;
				CLANG_WARN_CONSTANT_CONVERSION = YES;
				CLANG_WARN_DEPRECATED_OBJC_IMPLEMENTATIONS = YES;
				CLANG_WARN_DIRECT_OBJC_ISA_USAGE = YES_ERROR;
				CLANG_WARN_DOCUMENTATION_COMMENTS = YES;
				CLANG_WARN_EMPTY_BODY = YES;
				CLANG_WARN_ENUM_CONVERSION = YES;
				CLANG_WARN_INFINITE_RECURSION = YES;
				CLANG_WARN_INT_CONVERSION = YES;
				CLANG_WARN_NON_LITERAL_NULL_CONVERSION = YES;
				CLANG_WARN_OBJC_IMPLICIT_RETAIN_SELF = YES;
				CLANG_WARN_OBJC_LITERAL_CONVERSION = YES;
				CLANG_WARN_OBJC_ROOT_CLASS = YES_ERROR;
				CLANG_WARN_RANGE_LOOP_ANALYSIS = YES;
				CLANG_WARN_STRICT_PROTOTYPES = YES;
				CLANG_WARN_SUSPICIOUS_MOVE = YES;
				CLANG_WARN_UNGUARDED_AVAILABILITY = YES_AGGRESSIVE;
				CLANG_WARN_UNREACHABLE_CODE = YES;
				CLANG_WARN__DUPLICATE_METHOD_MATCH = YES;
				CODE_SIGN_IDENTITY = "iPhone Developer";
				COPY_PHASE_STRIP = NO;
				DEBUG_INFORMATION_FORMAT = "dwarf-with-dsym";
				ENABLE_NS_ASSERTIONS = NO;
				ENABLE_STRICT_OBJC_MSGSEND = YES;
				GCC_C_LANGUAGE_STANDARD = gnu11;
				GCC_NO_COMMON_BLOCKS = YES;
				GCC_WARN_64_TO_32_BIT_CONVERSION = YES;
				GCC_WARN_ABOUT_RETURN_TYPE = YES_ERROR;
				GCC_WARN_UNDECLARED_SELECTOR = YES;
				GCC_WARN_UNINITIALIZED_AUTOS = YES_AGGRESSIVE;
				GCC_WARN_UNUSED_FUNCTION = YES;
				GCC_WARN_UNUSED_VARIABLE = YES;
				IPHONEOS_DEPLOYMENT_TARGET = 11.2;
				MTL_ENABLE_DEBUG_INFO = NO;
				SDKROOT = iphoneos;
				SWIFT_OPTIMIZATION_LEVEL = "-Owholemodule";
				VALIDATE_PRODUCT = YES;
			};
			name = Release;
		};
		A14FA0662024D76D00798449 /* Debug */ = {
			isa = XCBuildConfiguration;
			baseConfigurationReference = 95D12F4C7FE05B75C5F18E3A /* Pods-Tabman Style.debug.xcconfig */;
			buildSettings = {
				ASSETCATALOG_COMPILER_APPICON_NAME = AppIcon;
				CODE_SIGN_STYLE = Automatic;
				DEVELOPMENT_TEAM = 26TV24DK6Z;
				INFOPLIST_FILE = "Tabman Style/Info.plist";
				IPHONEOS_DEPLOYMENT_TARGET = 10;
				LD_RUNPATH_SEARCH_PATHS = "$(inherited) @executable_path/Frameworks";
				PRODUCT_BUNDLE_IDENTIFIER = "com.DopenessAcademy.Tabman-Style";
				PRODUCT_NAME = "$(TARGET_NAME)";
				SWIFT_VERSION = 4.2;
				TARGETED_DEVICE_FAMILY = 1;
			};
			name = Debug;
		};
		A14FA0672024D76D00798449 /* Release */ = {
			isa = XCBuildConfiguration;
			baseConfigurationReference = 2C7C66A177384B01818BA3C4 /* Pods-Tabman Style.release.xcconfig */;
			buildSettings = {
				ASSETCATALOG_COMPILER_APPICON_NAME = AppIcon;
				CODE_SIGN_STYLE = Automatic;
				DEVELOPMENT_TEAM = 26TV24DK6Z;
				INFOPLIST_FILE = "Tabman Style/Info.plist";
				IPHONEOS_DEPLOYMENT_TARGET = 10;
				LD_RUNPATH_SEARCH_PATHS = "$(inherited) @executable_path/Frameworks";
				PRODUCT_BUNDLE_IDENTIFIER = "com.DopenessAcademy.Tabman-Style";
				PRODUCT_NAME = "$(TARGET_NAME)";
				SWIFT_VERSION = 4.2;
				TARGETED_DEVICE_FAMILY = 1;
			};
			name = Release;
		};
		A14FA0692024D76D00798449 /* Debug */ = {
			isa = XCBuildConfiguration;
			baseConfigurationReference = 7C2BC515116CBAFCAF241745 /* Pods-Tabman StyleTests.debug.xcconfig */;
			buildSettings = {
				ALWAYS_EMBED_SWIFT_STANDARD_LIBRARIES = YES;
				BUNDLE_LOADER = "$(TEST_HOST)";
				CODE_SIGN_STYLE = Automatic;
				DEVELOPMENT_TEAM = 26TV24DK6Z;
				INFOPLIST_FILE = "Tabman StyleTests/Info.plist";
				LD_RUNPATH_SEARCH_PATHS = "$(inherited) @executable_path/Frameworks @loader_path/Frameworks";
				PRODUCT_BUNDLE_IDENTIFIER = "com.DopenessAcademy.Tabman-StyleTests";
				PRODUCT_NAME = "$(TARGET_NAME)";
				SWIFT_VERSION = 4.0;
				TARGETED_DEVICE_FAMILY = "1,2";
				TEST_HOST = "$(BUILT_PRODUCTS_DIR)/Tabman Style.app/Tabman Style";
			};
			name = Debug;
		};
		A14FA06A2024D76D00798449 /* Release */ = {
			isa = XCBuildConfiguration;
			baseConfigurationReference = 44B58A07EE2170F3E395C64B /* Pods-Tabman StyleTests.release.xcconfig */;
			buildSettings = {
				ALWAYS_EMBED_SWIFT_STANDARD_LIBRARIES = YES;
				BUNDLE_LOADER = "$(TEST_HOST)";
				CODE_SIGN_STYLE = Automatic;
				DEVELOPMENT_TEAM = 26TV24DK6Z;
				INFOPLIST_FILE = "Tabman StyleTests/Info.plist";
				LD_RUNPATH_SEARCH_PATHS = "$(inherited) @executable_path/Frameworks @loader_path/Frameworks";
				PRODUCT_BUNDLE_IDENTIFIER = "com.DopenessAcademy.Tabman-StyleTests";
				PRODUCT_NAME = "$(TARGET_NAME)";
				SWIFT_VERSION = 4.0;
				TARGETED_DEVICE_FAMILY = "1,2";
				TEST_HOST = "$(BUILT_PRODUCTS_DIR)/Tabman Style.app/Tabman Style";
			};
			name = Release;
		};
		A14FA06C2024D76D00798449 /* Debug */ = {
			isa = XCBuildConfiguration;
			baseConfigurationReference = DE0211853E320BCD4462034D /* Pods-Tabman StyleUITests.debug.xcconfig */;
			buildSettings = {
				ALWAYS_EMBED_SWIFT_STANDARD_LIBRARIES = YES;
				CODE_SIGN_STYLE = Automatic;
				DEVELOPMENT_TEAM = 26TV24DK6Z;
				INFOPLIST_FILE = "Tabman StyleUITests/Info.plist";
				LD_RUNPATH_SEARCH_PATHS = "$(inherited) @executable_path/Frameworks @loader_path/Frameworks";
				PRODUCT_BUNDLE_IDENTIFIER = "com.DopenessAcademy.Tabman-StyleUITests";
				PRODUCT_NAME = "$(TARGET_NAME)";
				SWIFT_VERSION = 4.0;
				TARGETED_DEVICE_FAMILY = "1,2";
				TEST_TARGET_NAME = "Tabman Style";
			};
			name = Debug;
		};
		A14FA06D2024D76D00798449 /* Release */ = {
			isa = XCBuildConfiguration;
			baseConfigurationReference = 87C1DA232181899BAC7C0064 /* Pods-Tabman StyleUITests.release.xcconfig */;
			buildSettings = {
				ALWAYS_EMBED_SWIFT_STANDARD_LIBRARIES = YES;
				CODE_SIGN_STYLE = Automatic;
				DEVELOPMENT_TEAM = 26TV24DK6Z;
				INFOPLIST_FILE = "Tabman StyleUITests/Info.plist";
				LD_RUNPATH_SEARCH_PATHS = "$(inherited) @executable_path/Frameworks @loader_path/Frameworks";
				PRODUCT_BUNDLE_IDENTIFIER = "com.DopenessAcademy.Tabman-StyleUITests";
				PRODUCT_NAME = "$(TARGET_NAME)";
				SWIFT_VERSION = 4.0;
				TARGETED_DEVICE_FAMILY = "1,2";
				TEST_TARGET_NAME = "Tabman Style";
			};
			name = Release;
		};
/* End XCBuildConfiguration section */

/* Begin XCConfigurationList section */
		A14FA0382024D76D00798449 /* Build configuration list for PBXProject "Tabman Style" */ = {
			isa = XCConfigurationList;
			buildConfigurations = (
				A14FA0632024D76D00798449 /* Debug */,
				A14FA0642024D76D00798449 /* Release */,
			);
			defaultConfigurationIsVisible = 0;
			defaultConfigurationName = Release;
		};
		A14FA0652024D76D00798449 /* Build configuration list for PBXNativeTarget "Tabman Style" */ = {
			isa = XCConfigurationList;
			buildConfigurations = (
				A14FA0662024D76D00798449 /* Debug */,
				A14FA0672024D76D00798449 /* Release */,
			);
			defaultConfigurationIsVisible = 0;
			defaultConfigurationName = Release;
		};
		A14FA0682024D76D00798449 /* Build configuration list for PBXNativeTarget "Tabman StyleTests" */ = {
			isa = XCConfigurationList;
			buildConfigurations = (
				A14FA0692024D76D00798449 /* Debug */,
				A14FA06A2024D76D00798449 /* Release */,
			);
			defaultConfigurationIsVisible = 0;
			defaultConfigurationName = Release;
		};
		A14FA06B2024D76D00798449 /* Build configuration list for PBXNativeTarget "Tabman StyleUITests" */ = {
			isa = XCConfigurationList;
			buildConfigurations = (
				A14FA06C2024D76D00798449 /* Debug */,
				A14FA06D2024D76D00798449 /* Release */,
			);
			defaultConfigurationIsVisible = 0;
			defaultConfigurationName = Release;
		};
/* End XCConfigurationList section */
	};
	rootObject = A14FA0352024D76D00798449 /* Project object */;
}
